{"version":4,"terraform_version":"1.10.3","serial":1,"lineage":"2d37e815-4752-c8d9-5ca8-42836c2479f7","outputs":{"ansible_inventory_file":{"value":"./inventory.ini","type":"string"},"dev_ips":{"value":[],"type":["tuple",[]]},"grouped_ips":{"value":{"dev":[],"preprod":[],"prod":[]},"type":["object",{"dev":["tuple",[]],"preprod":["tuple",[]],"prod":["tuple",[]]}]},"preprod_ips":{"value":[],"type":["tuple",[]]},"prod_ips":{"value":[],"type":["tuple",[]]}},"resources":[{"mode":"managed","type":"libvirt_cloudinit_disk","name":"cloudinit","provider":"provider[\"registry.opentofu.org/dmacvicar/libvirt\"]","instances":[{"index_key":"dev-server-1","schema_version":0,"attributes":{"id":"/var/lib/libvirt/images/dev-server-1-cloudinit.iso;080c61fb-8dd0-4af4-bd1c-048418ef239a","meta_data":"","name":"dev-server-1-cloudinit.iso","network_config":"","pool":"default","user_data":"#cloud-config\nhostname: dev-server-1\nssh_pwauth: true\nusers:\n  - name: devops\n    groups: [sudo]\n    shell: /bin/bash\n    sudo: [\"ALL=(ALL) NOPASSWD:ALL\"]\n    lock_passwd: false\n    passwd: \"$6$JQiHNGD0eGiZ1FZJ$PXryAEW8o2G0XOefsTjHzz1qVWyKnZYkRDFBRXScrQAaYq.W8d/bEOr/TqHPYtk9N/b8pvhuEPSI7jLbE1t/S0\"\n    ssh-authorized-keys:\n      - ssh-ed25519 AAAAC3NzaC1lZDI1NTE5AAAAIAnEo8p91gvql3SuwFeeG3sqXmYbwgKyvIsWTh14ugv6 cantona@cantona22\n"},"sensitive_attributes":[],"private":"bnVsbA=="},{"index_key":"preprod-server-1","schema_version":0,"attributes":{"id":"/var/lib/libvirt/images/preprod-server-1-cloudinit.iso;0e1c37c7-48f6-40fa-ad45-95a0787da0f8","meta_data":"","name":"preprod-server-1-cloudinit.iso","network_config":"","pool":"default","user_data":"#cloud-config\nhostname: preprod-server-1\nssh_pwauth: true\nusers:\n  - name: devops\n    groups: [sudo]\n    shell: /bin/bash\n    sudo: [\"ALL=(ALL) NOPASSWD:ALL\"]\n    lock_passwd: false\n    passwd: \"$6$JQiHNGD0eGiZ1FZJ$PXryAEW8o2G0XOefsTjHzz1qVWyKnZYkRDFBRXScrQAaYq.W8d/bEOr/TqHPYtk9N/b8pvhuEPSI7jLbE1t/S0\"\n    ssh-authorized-keys:\n      - ssh-ed25519 AAAAC3NzaC1lZDI1NTE5AAAAIAnEo8p91gvql3SuwFeeG3sqXmYbwgKyvIsWTh14ugv6 cantona@cantona22\n"},"sensitive_attributes":[],"private":"bnVsbA=="},{"index_key":"prod-server-1","schema_version":0,"attributes":{"id":"/var/lib/libvirt/images/prod-server-1-cloudinit.iso;6940a16b-0dbf-45c0-8578-cc8601820746","meta_data":"","name":"prod-server-1-cloudinit.iso","network_config":"","pool":"default","user_data":"#cloud-config\nhostname: prod-server-1\nssh_pwauth: true\nusers:\n  - name: devops\n    groups: [sudo]\n    shell: /bin/bash\n    sudo: [\"ALL=(ALL) NOPASSWD:ALL\"]\n    lock_passwd: false\n    passwd: \"$6$JQiHNGD0eGiZ1FZJ$PXryAEW8o2G0XOefsTjHzz1qVWyKnZYkRDFBRXScrQAaYq.W8d/bEOr/TqHPYtk9N/b8pvhuEPSI7jLbE1t/S0\"\n    ssh-authorized-keys:\n      - ssh-ed25519 AAAAC3NzaC1lZDI1NTE5AAAAIAnEo8p91gvql3SuwFeeG3sqXmYbwgKyvIsWTh14ugv6 cantona@cantona22\n"},"sensitive_attributes":[],"private":"bnVsbA=="},{"index_key":"prod-server-2","schema_version":0,"attributes":{"id":"/var/lib/libvirt/images/prod-server-2-cloudinit.iso;10e0ec5b-5f4e-4ef4-ab8f-8eec3ba0e433","meta_data":"","name":"prod-server-2-cloudinit.iso","network_config":"","pool":"default","user_data":"#cloud-config\nhostname: prod-server-2\nssh_pwauth: true\nusers:\n  - name: devops\n    groups: [sudo]\n    shell: /bin/bash\n    sudo: [\"ALL=(ALL) NOPASSWD:ALL\"]\n    lock_passwd: false\n    passwd: \"$6$JQiHNGD0eGiZ1FZJ$PXryAEW8o2G0XOefsTjHzz1qVWyKnZYkRDFBRXScrQAaYq.W8d/bEOr/TqHPYtk9N/b8pvhuEPSI7jLbE1t/S0\"\n    ssh-authorized-keys:\n      - ssh-ed25519 AAAAC3NzaC1lZDI1NTE5AAAAIAnEo8p91gvql3SuwFeeG3sqXmYbwgKyvIsWTh14ugv6 cantona@cantona22\n"},"sensitive_attributes":[],"private":"bnVsbA=="},{"index_key":"prod-server-3","schema_version":0,"attributes":{"id":"/var/lib/libvirt/images/prod-server-3-cloudinit.iso;a945d1bc-1aee-4ff4-bac7-e44f29aeafe8","meta_data":"","name":"prod-server-3-cloudinit.iso","network_config":"","pool":"default","user_data":"#cloud-config\nhostname: prod-server-3\nssh_pwauth: true\nusers:\n  - name: devops\n    groups: [sudo]\n    shell: /bin/bash\n    sudo: [\"ALL=(ALL) NOPASSWD:ALL\"]\n    lock_passwd: false\n    passwd: \"$6$JQiHNGD0eGiZ1FZJ$PXryAEW8o2G0XOefsTjHzz1qVWyKnZYkRDFBRXScrQAaYq.W8d/bEOr/TqHPYtk9N/b8pvhuEPSI7jLbE1t/S0\"\n    ssh-authorized-keys:\n      - ssh-ed25519 AAAAC3NzaC1lZDI1NTE5AAAAIAnEo8p91gvql3SuwFeeG3sqXmYbwgKyvIsWTh14ugv6 cantona@cantona22\n"},"sensitive_attributes":[],"private":"bnVsbA=="}]},{"mode":"managed","type":"libvirt_domain","name":"vms","provider":"provider[\"registry.opentofu.org/dmacvicar/libvirt\"]","instances":[{"index_key":"dev-server-1","schema_version":0,"attributes":{"arch":"x86_64","autostart":false,"boot_device":[],"cloudinit":"/var/lib/libvirt/images/dev-server-1-cloudinit.iso;080c61fb-8dd0-4af4-bd1c-048418ef239a","cmdline":null,"console":[{"source_host":"127.0.0.1","source_path":"","source_service":"0","target_port":"0","target_type":"serial","type":"pty"}],"coreos_ignition":null,"cpu":[{"mode":"custom"}],"description":"","disk":[{"block_device":"","file":"","scsi":false,"url":"","volume_id":"/var/lib/libvirt/images/dev-server-1-disk","wwn":""}],"emulator":"/usr/bin/qemu-system-x86_64","filesystem":[],"firmware":null,"fw_cfg_name":"opt/com.coreos/config","graphics":[{"autoport":true,"listen_address":"127.0.0.1","listen_type":"address","type":"spice","websocket":0}],"id":"9c0485f6-9a04-48bd-ac6e-caea081b2f02","initrd":"","kernel":"","machine":"pc","memory":2048,"metadata":null,"name":"dev-server-1","network_interface":[{"addresses":[],"bridge":"","hostname":"dev-server-1","mac":"52:54:00:F6:64:D0","macvtap":"","network_id":"8d079ff9-0144-4baa-8a6c-bfaf77c92386","network_name":"default","passthrough":"","private":"","vepa":"","wait_for_lease":false}],"nvram":null,"qemu_agent":false,"running":true,"timeouts":null,"tpm":[],"type":"kvm","vcpu":2,"video":[],"xml":[]},"sensitive_attributes":[],"private":"eyJlMmJmYjczMC1lY2FhLTExZTYtOGY4OC0zNDM2M2JjN2M0YzAiOnsiY3JlYXRlIjozMDAwMDAwMDAwMDB9fQ==","dependencies":["libvirt_cloudinit_disk.cloudinit","libvirt_volume.base","libvirt_volume.vm_disk"]},{"index_key":"preprod-server-1","schema_version":0,"attributes":{"arch":"x86_64","autostart":false,"boot_device":[],"cloudinit":"/var/lib/libvirt/images/preprod-server-1-cloudinit.iso;0e1c37c7-48f6-40fa-ad45-95a0787da0f8","cmdline":null,"console":[{"source_host":"127.0.0.1","source_path":"","source_service":"0","target_port":"0","target_type":"serial","type":"pty"}],"coreos_ignition":null,"cpu":[{"mode":"custom"}],"description":"","disk":[{"block_device":"","file":"","scsi":false,"url":"","volume_id":"/var/lib/libvirt/images/preprod-server-1-disk","wwn":""}],"emulator":"/usr/bin/qemu-system-x86_64","filesystem":[],"firmware":null,"fw_cfg_name":"opt/com.coreos/config","graphics":[{"autoport":true,"listen_address":"127.0.0.1","listen_type":"address","type":"spice","websocket":0}],"id":"3cb84da6-86c1-445f-b47d-675b126f7a89","initrd":"","kernel":"","machine":"pc","memory":4096,"metadata":null,"name":"preprod-server-1","network_interface":[{"addresses":[],"bridge":"","hostname":"preprod-server-1","mac":"52:54:00:5A:17:70","macvtap":"","network_id":"8d079ff9-0144-4baa-8a6c-bfaf77c92386","network_name":"default","passthrough":"","private":"","vepa":"","wait_for_lease":false}],"nvram":null,"qemu_agent":false,"running":true,"timeouts":null,"tpm":[],"type":"kvm","vcpu":2,"video":[],"xml":[]},"sensitive_attributes":[],"private":"eyJlMmJmYjczMC1lY2FhLTExZTYtOGY4OC0zNDM2M2JjN2M0YzAiOnsiY3JlYXRlIjozMDAwMDAwMDAwMDB9fQ==","dependencies":["libvirt_cloudinit_disk.cloudinit","libvirt_volume.base","libvirt_volume.vm_disk"]},{"index_key":"prod-server-1","schema_version":0,"attributes":{"arch":"x86_64","autostart":false,"boot_device":[],"cloudinit":"/var/lib/libvirt/images/prod-server-1-cloudinit.iso;6940a16b-0dbf-45c0-8578-cc8601820746","cmdline":null,"console":[{"source_host":"127.0.0.1","source_path":"","source_service":"0","target_port":"0","target_type":"serial","type":"pty"}],"coreos_ignition":null,"cpu":[{"mode":"custom"}],"description":"","disk":[{"block_device":"","file":"","scsi":false,"url":"","volume_id":"/var/lib/libvirt/images/prod-server-1-disk","wwn":""}],"emulator":"/usr/bin/qemu-system-x86_64","filesystem":[],"firmware":null,"fw_cfg_name":"opt/com.coreos/config","graphics":[{"autoport":true,"listen_address":"127.0.0.1","listen_type":"address","type":"spice","websocket":0}],"id":"5841370c-ae2d-43b1-a507-5d33b1035b3a","initrd":"","kernel":"","machine":"pc","memory":4096,"metadata":null,"name":"prod-server-1","network_interface":[{"addresses":[],"bridge":"","hostname":"prod-server-1","mac":"52:54:00:1A:A0:A4","macvtap":"","network_id":"8d079ff9-0144-4baa-8a6c-bfaf77c92386","network_name":"default","passthrough":"","private":"","vepa":"","wait_for_lease":false}],"nvram":null,"qemu_agent":false,"running":true,"timeouts":null,"tpm":[],"type":"kvm","vcpu":2,"video":[],"xml":[]},"sensitive_attributes":[],"private":"eyJlMmJmYjczMC1lY2FhLTExZTYtOGY4OC0zNDM2M2JjN2M0YzAiOnsiY3JlYXRlIjozMDAwMDAwMDAwMDB9fQ==","dependencies":["libvirt_cloudinit_disk.cloudinit","libvirt_volume.base","libvirt_volume.vm_disk"]},{"index_key":"prod-server-2","schema_version":0,"attributes":{"arch":"x86_64","autostart":false,"boot_device":[],"cloudinit":"/var/lib/libvirt/images/prod-server-2-cloudinit.iso;10e0ec5b-5f4e-4ef4-ab8f-8eec3ba0e433","cmdline":null,"console":[{"source_host":"127.0.0.1","source_path":"","source_service":"0","target_port":"0","target_type":"serial","type":"pty"}],"coreos_ignition":null,"cpu":[{"mode":"custom"}],"description":"","disk":[{"block_device":"","file":"","scsi":false,"url":"","volume_id":"/var/lib/libvirt/images/prod-server-2-disk","wwn":""}],"emulator":"/usr/bin/qemu-system-x86_64","filesystem":[],"firmware":null,"fw_cfg_name":"opt/com.coreos/config","graphics":[{"autoport":true,"listen_address":"127.0.0.1","listen_type":"address","type":"spice","websocket":0}],"id":"78e1329e-05e7-4a3d-8df2-96fe05bf50dd","initrd":"","kernel":"","machine":"pc","memory":4096,"metadata":null,"name":"prod-server-2","network_interface":[{"addresses":[],"bridge":"","hostname":"prod-server-2","mac":"52:54:00:FA:8D:EC","macvtap":"","network_id":"8d079ff9-0144-4baa-8a6c-bfaf77c92386","network_name":"default","passthrough":"","private":"","vepa":"","wait_for_lease":false}],"nvram":null,"qemu_agent":false,"running":true,"timeouts":null,"tpm":[],"type":"kvm","vcpu":2,"video":[],"xml":[]},"sensitive_attributes":[],"private":"eyJlMmJmYjczMC1lY2FhLTExZTYtOGY4OC0zNDM2M2JjN2M0YzAiOnsiY3JlYXRlIjozMDAwMDAwMDAwMDB9fQ==","dependencies":["libvirt_cloudinit_disk.cloudinit","libvirt_volume.base","libvirt_volume.vm_disk"]},{"index_key":"prod-server-3","schema_version":0,"attributes":{"arch":"x86_64","autostart":false,"boot_device":[],"cloudinit":"/var/lib/libvirt/images/prod-server-3-cloudinit.iso;a945d1bc-1aee-4ff4-bac7-e44f29aeafe8","cmdline":null,"console":[{"source_host":"127.0.0.1","source_path":"","source_service":"0","target_port":"0","target_type":"serial","type":"pty"}],"coreos_ignition":null,"cpu":[{"mode":"custom"}],"description":"","disk":[{"block_device":"","file":"","scsi":false,"url":"","volume_id":"/var/lib/libvirt/images/prod-server-3-disk","wwn":""}],"emulator":"/usr/bin/qemu-system-x86_64","filesystem":[],"firmware":null,"fw_cfg_name":"opt/com.coreos/config","graphics":[{"autoport":true,"listen_address":"127.0.0.1","listen_type":"address","type":"spice","websocket":0}],"id":"4cca269b-c5a9-47a1-8d10-4fad1af0edc7","initrd":"","kernel":"","machine":"pc","memory":4096,"metadata":null,"name":"prod-server-3","network_interface":[{"addresses":[],"bridge":"","hostname":"prod-server-3","mac":"52:54:00:22:E1:F1","macvtap":"","network_id":"8d079ff9-0144-4baa-8a6c-bfaf77c92386","network_name":"default","passthrough":"","private":"","vepa":"","wait_for_lease":false}],"nvram":null,"qemu_agent":false,"running":true,"timeouts":null,"tpm":[],"type":"kvm","vcpu":2,"video":[],"xml":[]},"sensitive_attributes":[],"private":"eyJlMmJmYjczMC1lY2FhLTExZTYtOGY4OC0zNDM2M2JjN2M0YzAiOnsiY3JlYXRlIjozMDAwMDAwMDAwMDB9fQ==","dependencies":["libvirt_cloudinit_disk.cloudinit","libvirt_volume.base","libvirt_volume.vm_disk"]}]},{"mode":"managed","type":"libvirt_volume","name":"base","provider":"provider[\"registry.opentofu.org/dmacvicar/libvirt\"]","instances":[{"schema_version":0,"attributes":{"base_volume_id":null,"base_volume_name":null,"base_volume_pool":null,"format":"qcow2","id":"/var/lib/libvirt/images/ubuntu-base.qcow2","name":"ubuntu-base.qcow2","pool":"default","size":10737418240,"source":"/home/cantona/devops/Devops_Projekt/ubuntu-base.qcow2","xml":[]},"sensitive_attributes":[],"private":"bnVsbA=="}]},{"mode":"managed","type":"libvirt_volume","name":"vm_disk","provider":"provider[\"registry.opentofu.org/dmacvicar/libvirt\"]","instances":[{"index_key":"dev-server-1","schema_version":0,"attributes":{"base_volume_id":"/var/lib/libvirt/images/ubuntu-base.qcow2","base_volume_name":null,"base_volume_pool":null,"format":"qcow2","id":"/var/lib/libvirt/images/dev-server-1-disk","name":"dev-server-1-disk","pool":"default","size":10737418240,"source":null,"xml":[]},"sensitive_attributes":[],"private":"bnVsbA==","dependencies":["libvirt_volume.base"]},{"index_key":"preprod-server-1","schema_version":0,"attributes":{"base_volume_id":"/var/lib/libvirt/images/ubuntu-base.qcow2","base_volume_name":null,"base_volume_pool":null,"format":"qcow2","id":"/var/lib/libvirt/images/preprod-server-1-disk","name":"preprod-server-1-disk","pool":"default","size":10737418240,"source":null,"xml":[]},"sensitive_attributes":[],"private":"bnVsbA==","dependencies":["libvirt_volume.base"]},{"index_key":"prod-server-1","schema_version":0,"attributes":{"base_volume_id":"/var/lib/libvirt/images/ubuntu-base.qcow2","base_volume_name":null,"base_volume_pool":null,"format":"qcow2","id":"/var/lib/libvirt/images/prod-server-1-disk","name":"prod-server-1-disk","pool":"default","size":10737418240,"source":null,"xml":[]},"sensitive_attributes":[],"private":"bnVsbA==","dependencies":["libvirt_volume.base"]},{"index_key":"prod-server-2","schema_version":0,"attributes":{"base_volume_id":"/var/lib/libvirt/images/ubuntu-base.qcow2","base_volume_name":null,"base_volume_pool":null,"format":"qcow2","id":"/var/lib/libvirt/images/prod-server-2-disk","name":"prod-server-2-disk","pool":"default","size":10737418240,"source":null,"xml":[]},"sensitive_attributes":[],"private":"bnVsbA==","dependencies":["libvirt_volume.base"]},{"index_key":"prod-server-3","schema_version":0,"attributes":{"base_volume_id":"/var/lib/libvirt/images/ubuntu-base.qcow2","base_volume_name":null,"base_volume_pool":null,"format":"qcow2","id":"/var/lib/libvirt/images/prod-server-3-disk","name":"prod-server-3-disk","pool":"default","size":10737418240,"source":null,"xml":[]},"sensitive_attributes":[],"private":"bnVsbA==","dependencies":["libvirt_volume.base"]}]},{"mode":"managed","type":"local_file","name":"ansible_inventory","provider":"provider[\"registry.opentofu.org/hashicorp/local\"]","instances":[{"schema_version":0,"attributes":{"content":"[dev]\n\n[preprod]\n\n[prod]\n","content_base64":null,"content_base64sha256":"58gLtBEZynbgYbH37w55kAMm+1Py/G+qmQ6x8Bkww+U=","content_base64sha512":"Rn4ZPKTx7GTYlc03DZEqo/Ghie37Ki9N16K6W2xhy88HulQyy4ypKvg2/mO2O1AF05cRmiOjHQJjZr9J514Mpw==","content_md5":"d7949d151c3cf9c1bcc7452a1b071a51","content_sha1":"05337a43f5c811932c2bfb7fa7e90ac56a37d786","content_sha256":"e7c80bb41119ca76e061b1f7ef0e79900326fb53f2fc6faa990eb1f01930c3e5","content_sha512":"467e193ca4f1ec64d895cd370d912aa3f1a189edfb2a2f4dd7a2ba5b6c61cbcf07ba5432cb8ca92af836fe63b63b5005d397119a23a31d026366bf49e75e0ca7","directory_permission":"0777","file_permission":"0777","filename":"./inventory.ini","id":"05337a43f5c811932c2bfb7fa7e90ac56a37d786","sensitive_content":null,"source":null},"sensitive_attributes":[[{"type":"get_attr","value":"sensitive_content"}]],"dependencies":["libvirt_cloudinit_disk.cloudinit","libvirt_domain.vms","libvirt_volume.base","libvirt_volume.vm_disk"]}]}],"check_results":null}
