{"version":4,"terraform_version":"1.10.3","serial":4,"lineage":"dd6e3c12-bf44-b504-e0ae-b84ad7948fc1","outputs":{},"resources":[{"mode":"managed","type":"libvirt_cloudinit_disk","name":"cloudinit","provider":"provider[\"registry.opentofu.org/dmacvicar/libvirt\"]","instances":[{"schema_version":0,"attributes":{"id":"/var/lib/libvirt/images/admin-vm-cloudinit.iso;94b523e3-16f0-4074-b3c6-f4ba9415477b","meta_data":"","name":"admin-vm-cloudinit.iso","network_config":"","pool":"default","user_data":"    \nusers:\n  - name: admin\n    ssh_authorized_keys:\n      - ssh-ed25519 AAAAC3NzaC1lZDI1NTE5AAAAIM6+S+dC1DOn69m3EghpyvnbmRRAeVN6BPSbCgNcudTk cantona@cantona-OptiPlex-9020\n    sudo: ['ALL=(ALL) NOPASSWD:ALL']\n    groups: sudo\n    shell: /bin/bash\n"},"sensitive_attributes":[],"private":"bnVsbA=="}]},{"mode":"managed","type":"libvirt_domain","name":"admin-vm","provider":"provider[\"registry.opentofu.org/dmacvicar/libvirt\"]","instances":[{"schema_version":0,"attributes":{"arch":"x86_64","autostart":false,"boot_device":[],"cloudinit":"/var/lib/libvirt/images/admin-vm-cloudinit.iso;94b523e3-16f0-4074-b3c6-f4ba9415477b","cmdline":null,"console":[],"coreos_ignition":null,"cpu":[{"mode":"custom"}],"description":"","disk":[{"block_device":"","file":"","scsi":false,"url":"","volume_id":"/var/lib/libvirt/images/ubuntu-20.04-server-cloudimg-amd64","wwn":""}],"emulator":"/usr/bin/qemu-system-x86_64","filesystem":[],"firmware":null,"fw_cfg_name":"opt/com.coreos/config","graphics":[{"autoport":true,"listen_address":"127.0.0.1","listen_type":"address","type":"spice","websocket":0}],"id":"38ebcb58-34ab-4041-8476-b0d0a5f5643f","initrd":"","kernel":"","machine":"pc","memory":2048,"metadata":null,"name":"admin-vm","network_interface":[{"addresses":[],"bridge":"","hostname":"","mac":"52:54:00:7E:70:F0","macvtap":"","network_id":"8d079ff9-0144-4baa-8a6c-bfaf77c92386","network_name":"default","passthrough":"","private":"","vepa":"","wait_for_lease":false}],"nvram":null,"qemu_agent":false,"running":true,"timeouts":null,"tpm":[],"type":"kvm","vcpu":2,"video":[],"xml":[]},"sensitive_attributes":[],"private":"eyJlMmJmYjczMC1lY2FhLTExZTYtOGY4OC0zNDM2M2JjN2M0YzAiOnsiY3JlYXRlIjozMDAwMDAwMDAwMDB9fQ==","dependencies":["libvirt_cloudinit_disk.cloudinit","libvirt_volume.ubuntu_image"]}]},{"mode":"managed","type":"libvirt_volume","name":"ubuntu_image","provider":"provider[\"registry.opentofu.org/dmacvicar/libvirt\"]","instances":[{"schema_version":0,"attributes":{"base_volume_id":null,"base_volume_name":null,"base_volume_pool":null,"format":"qcow2","id":"/var/lib/libvirt/images/ubuntu-20.04-server-cloudimg-amd64","name":"ubuntu-20.04-server-cloudimg-amd64","pool":"default","size":2361393152,"source":"/home/cantona/devops/Devops_Projekt/ubuntu-20.04-server-cloudimg-amd64.img","xml":[]},"sensitive_attributes":[],"private":"bnVsbA=="}]}],"check_results":null}
