{"version":4,"terraform_version":"1.10.3","serial":3,"lineage":"6ef1081c-725f-480b-8e52-9a178573d4c7","outputs":{},"resources":[{"mode":"managed","type":"libvirt_cloudinit_disk","name":"cloudinit","provider":"provider[\"registry.opentofu.org/dmacvicar/libvirt\"]","instances":[{"index_key":"dev-server-1","schema_version":0,"attributes":{"id":"/var/lib/libvirt/images/dev-server-1-cloudinit.iso;562c6f54-a60d-47fc-af99-3b1631746117","meta_data":"","name":"dev-server-1-cloudinit.iso","network_config":"","pool":"default","user_data":"#cloud-config\nhostname: dev-server-1\nusers:\n  - name: ubuntu\n    ssh-authorized-keys:\n      - ssh-ed25519 AAAAC3NzaC1lZDI1NTE5AAAAIM6+S+dC1DOn69m3EghpyvnbmRRAeVN6BPSbCgNcudTk cantona@cantona-OptiPlex-9020\n"},"sensitive_attributes":[],"private":"bnVsbA=="},{"index_key":"dev-server-2","schema_version":0,"attributes":{"id":"/var/lib/libvirt/images/dev-server-2-cloudinit.iso;6527e406-869b-42c3-9566-231450097fa7","meta_data":"","name":"dev-server-2-cloudinit.iso","network_config":"","pool":"default","user_data":"#cloud-config\nhostname: dev-server-2\nusers:\n  - name: ubuntu\n    ssh-authorized-keys:\n      - ssh-ed25519 AAAAC3NzaC1lZDI1NTE5AAAAIM6+S+dC1DOn69m3EghpyvnbmRRAeVN6BPSbCgNcudTk cantona@cantona-OptiPlex-9020\n"},"sensitive_attributes":[],"private":"bnVsbA=="},{"index_key":"preprod-server-1","schema_version":0,"attributes":{"id":"/var/lib/libvirt/images/preprod-server-1-cloudinit.iso;5338a073-69e5-4b7c-8e69-1ad1e9060ebd","meta_data":"","name":"preprod-server-1-cloudinit.iso","network_config":"","pool":"default","user_data":"#cloud-config\nhostname: preprod-server-1\nusers:\n  - name: ubuntu\n    ssh-authorized-keys:\n      - ssh-ed25519 AAAAC3NzaC1lZDI1NTE5AAAAIM6+S+dC1DOn69m3EghpyvnbmRRAeVN6BPSbCgNcudTk cantona@cantona-OptiPlex-9020\n"},"sensitive_attributes":[],"private":"bnVsbA=="},{"index_key":"preprod-server-2","schema_version":0,"attributes":{"id":"/var/lib/libvirt/images/preprod-server-2-cloudinit.iso;c73bb99e-fa6a-4946-a0f5-67767b345a7e","meta_data":"","name":"preprod-server-2-cloudinit.iso","network_config":"","pool":"default","user_data":"#cloud-config\nhostname: preprod-server-2\nusers:\n  - name: ubuntu\n    ssh-authorized-keys:\n      - ssh-ed25519 AAAAC3NzaC1lZDI1NTE5AAAAIM6+S+dC1DOn69m3EghpyvnbmRRAeVN6BPSbCgNcudTk cantona@cantona-OptiPlex-9020\n"},"sensitive_attributes":[],"private":"bnVsbA=="},{"index_key":"prod-server-1","schema_version":0,"attributes":{"id":"/var/lib/libvirt/images/prod-server-1-cloudinit.iso;96c505c1-a611-4a3e-a2f6-8443ac183b8c","meta_data":"","name":"prod-server-1-cloudinit.iso","network_config":"","pool":"default","user_data":"#cloud-config\nhostname: prod-server-1\nusers:\n  - name: ubuntu\n    ssh-authorized-keys:\n      - ssh-ed25519 AAAAC3NzaC1lZDI1NTE5AAAAIM6+S+dC1DOn69m3EghpyvnbmRRAeVN6BPSbCgNcudTk cantona@cantona-OptiPlex-9020\n"},"sensitive_attributes":[],"private":"bnVsbA=="},{"index_key":"prod-server-2","schema_version":0,"attributes":{"id":"/var/lib/libvirt/images/prod-server-2-cloudinit.iso;e10cfbc5-93b2-4c1d-b44c-7ab0982c6bf3","meta_data":"","name":"prod-server-2-cloudinit.iso","network_config":"","pool":"default","user_data":"#cloud-config\nhostname: prod-server-2\nusers:\n  - name: ubuntu\n    ssh-authorized-keys:\n      - ssh-ed25519 AAAAC3NzaC1lZDI1NTE5AAAAIM6+S+dC1DOn69m3EghpyvnbmRRAeVN6BPSbCgNcudTk cantona@cantona-OptiPlex-9020\n"},"sensitive_attributes":[],"private":"bnVsbA=="},{"index_key":"prod-server-3","schema_version":0,"attributes":{"id":"/var/lib/libvirt/images/prod-server-3-cloudinit.iso;0b8a7efb-e83e-4cde-bd2c-5301ec2f07eb","meta_data":"","name":"prod-server-3-cloudinit.iso","network_config":"","pool":"default","user_data":"#cloud-config\nhostname: prod-server-3\nusers:\n  - name: ubuntu\n    ssh-authorized-keys:\n      - ssh-ed25519 AAAAC3NzaC1lZDI1NTE5AAAAIM6+S+dC1DOn69m3EghpyvnbmRRAeVN6BPSbCgNcudTk cantona@cantona-OptiPlex-9020\n"},"sensitive_attributes":[],"private":"bnVsbA=="}]},{"mode":"managed","type":"libvirt_domain","name":"vms","provider":"provider[\"registry.opentofu.org/dmacvicar/libvirt\"]","instances":[{"index_key":"dev-server-1","schema_version":0,"attributes":{"arch":"x86_64","autostart":false,"boot_device":[],"cloudinit":"/var/lib/libvirt/images/dev-server-1-cloudinit.iso;562c6f54-a60d-47fc-af99-3b1631746117","cmdline":[],"console":[],"coreos_ignition":null,"cpu":[{"mode":"custom"}],"description":"","disk":[{"block_device":"","file":"","scsi":false,"url":"","volume_id":"/var/lib/libvirt/images/dev-server-1-disk","wwn":""}],"emulator":"/usr/bin/qemu-system-x86_64","filesystem":[],"firmware":null,"fw_cfg_name":"opt/com.coreos/config","graphics":[{"autoport":true,"listen_address":"127.0.0.1","listen_type":"address","type":"spice","websocket":0}],"id":"b2b8363a-2d39-40c3-a7b7-c06e02e40d3d","initrd":"","kernel":"","machine":"pc","memory":2048,"metadata":null,"name":"dev-server-1","network_interface":[{"addresses":["192.168.122.63"],"bridge":"","hostname":"dev-server-1","mac":"52:54:00:32:C6:4C","macvtap":"","network_id":"8d079ff9-0144-4baa-8a6c-bfaf77c92386","network_name":"default","passthrough":"","private":"","vepa":"","wait_for_lease":false}],"nvram":[],"qemu_agent":false,"running":true,"timeouts":null,"tpm":[],"type":"kvm","vcpu":2,"video":[],"xml":[]},"sensitive_attributes":[],"private":"eyJlMmJmYjczMC1lY2FhLTExZTYtOGY4OC0zNDM2M2JjN2M0YzAiOnsiY3JlYXRlIjozMDAwMDAwMDAwMDB9fQ==","dependencies":["libvirt_cloudinit_disk.cloudinit","libvirt_volume.base","libvirt_volume.vm_disk"]},{"index_key":"dev-server-2","schema_version":0,"attributes":{"arch":"x86_64","autostart":false,"boot_device":[],"cloudinit":"/var/lib/libvirt/images/dev-server-2-cloudinit.iso;6527e406-869b-42c3-9566-231450097fa7","cmdline":[],"console":[],"coreos_ignition":null,"cpu":[{"mode":"custom"}],"description":"","disk":[{"block_device":"","file":"","scsi":false,"url":"","volume_id":"/var/lib/libvirt/images/dev-server-2-disk","wwn":""}],"emulator":"/usr/bin/qemu-system-x86_64","filesystem":[],"firmware":null,"fw_cfg_name":"opt/com.coreos/config","graphics":[{"autoport":true,"listen_address":"127.0.0.1","listen_type":"address","type":"spice","websocket":0}],"id":"96310656-0356-4843-b957-734ed600d0e1","initrd":"","kernel":"","machine":"pc","memory":2048,"metadata":null,"name":"dev-server-2","network_interface":[{"addresses":["192.168.122.200"],"bridge":"","hostname":"dev-server-2","mac":"52:54:00:7E:89:48","macvtap":"","network_id":"8d079ff9-0144-4baa-8a6c-bfaf77c92386","network_name":"default","passthrough":"","private":"","vepa":"","wait_for_lease":false}],"nvram":[],"qemu_agent":false,"running":true,"timeouts":null,"tpm":[],"type":"kvm","vcpu":2,"video":[],"xml":[]},"sensitive_attributes":[],"private":"eyJlMmJmYjczMC1lY2FhLTExZTYtOGY4OC0zNDM2M2JjN2M0YzAiOnsiY3JlYXRlIjozMDAwMDAwMDAwMDB9fQ==","dependencies":["libvirt_cloudinit_disk.cloudinit","libvirt_volume.base","libvirt_volume.vm_disk"]},{"index_key":"preprod-server-1","schema_version":0,"attributes":{"arch":"x86_64","autostart":false,"boot_device":[],"cloudinit":"/var/lib/libvirt/images/preprod-server-1-cloudinit.iso;5338a073-69e5-4b7c-8e69-1ad1e9060ebd","cmdline":[],"console":[],"coreos_ignition":null,"cpu":[{"mode":"custom"}],"description":"","disk":[{"block_device":"","file":"","scsi":false,"url":"","volume_id":"/var/lib/libvirt/images/preprod-server-1-disk","wwn":""}],"emulator":"/usr/bin/qemu-system-x86_64","filesystem":[],"firmware":null,"fw_cfg_name":"opt/com.coreos/config","graphics":[{"autoport":true,"listen_address":"127.0.0.1","listen_type":"address","type":"spice","websocket":0}],"id":"ab952a4c-d63c-492e-aa8a-e53c3b4e794e","initrd":"","kernel":"","machine":"pc","memory":4096,"metadata":null,"name":"preprod-server-1","network_interface":[{"addresses":["192.168.122.2"],"bridge":"","hostname":"preprod-server-1","mac":"52:54:00:BE:FE:53","macvtap":"","network_id":"8d079ff9-0144-4baa-8a6c-bfaf77c92386","network_name":"default","passthrough":"","private":"","vepa":"","wait_for_lease":false}],"nvram":[],"qemu_agent":false,"running":true,"timeouts":null,"tpm":[],"type":"kvm","vcpu":4,"video":[],"xml":[]},"sensitive_attributes":[],"private":"eyJlMmJmYjczMC1lY2FhLTExZTYtOGY4OC0zNDM2M2JjN2M0YzAiOnsiY3JlYXRlIjozMDAwMDAwMDAwMDB9fQ==","dependencies":["libvirt_cloudinit_disk.cloudinit","libvirt_volume.base","libvirt_volume.vm_disk"]},{"index_key":"preprod-server-2","schema_version":0,"attributes":{"arch":"x86_64","autostart":false,"boot_device":[],"cloudinit":"/var/lib/libvirt/images/preprod-server-2-cloudinit.iso;c73bb99e-fa6a-4946-a0f5-67767b345a7e","cmdline":[],"console":[],"coreos_ignition":null,"cpu":[{"mode":"custom"}],"description":"","disk":[{"block_device":"","file":"","scsi":false,"url":"","volume_id":"/var/lib/libvirt/images/preprod-server-2-disk","wwn":""}],"emulator":"/usr/bin/qemu-system-x86_64","filesystem":[],"firmware":null,"fw_cfg_name":"opt/com.coreos/config","graphics":[{"autoport":true,"listen_address":"127.0.0.1","listen_type":"address","type":"spice","websocket":0}],"id":"50fdc14d-02f1-44c0-a5c1-2a6d89a2d6ad","initrd":"","kernel":"","machine":"pc","memory":4096,"metadata":null,"name":"preprod-server-2","network_interface":[{"addresses":["192.168.122.188"],"bridge":"","hostname":"preprod-server-2","mac":"52:54:00:BE:AD:1D","macvtap":"","network_id":"8d079ff9-0144-4baa-8a6c-bfaf77c92386","network_name":"default","passthrough":"","private":"","vepa":"","wait_for_lease":false}],"nvram":[],"qemu_agent":false,"running":true,"timeouts":null,"tpm":[],"type":"kvm","vcpu":4,"video":[],"xml":[]},"sensitive_attributes":[],"private":"eyJlMmJmYjczMC1lY2FhLTExZTYtOGY4OC0zNDM2M2JjN2M0YzAiOnsiY3JlYXRlIjozMDAwMDAwMDAwMDB9fQ==","dependencies":["libvirt_cloudinit_disk.cloudinit","libvirt_volume.base","libvirt_volume.vm_disk"]},{"index_key":"prod-server-1","schema_version":0,"attributes":{"arch":"x86_64","autostart":false,"boot_device":[],"cloudinit":"/var/lib/libvirt/images/prod-server-1-cloudinit.iso;96c505c1-a611-4a3e-a2f6-8443ac183b8c","cmdline":[],"console":[],"coreos_ignition":null,"cpu":[{"mode":"custom"}],"description":"","disk":[{"block_device":"","file":"","scsi":false,"url":"","volume_id":"/var/lib/libvirt/images/prod-server-1-disk","wwn":""}],"emulator":"/usr/bin/qemu-system-x86_64","filesystem":[],"firmware":null,"fw_cfg_name":"opt/com.coreos/config","graphics":[{"autoport":true,"listen_address":"127.0.0.1","listen_type":"address","type":"spice","websocket":0}],"id":"eb931b2a-021a-4849-ae93-7f9417eb5d68","initrd":"","kernel":"","machine":"pc","memory":4096,"metadata":null,"name":"prod-server-1","network_interface":[{"addresses":["192.168.122.122"],"bridge":"","hostname":"prod-server-1","mac":"52:54:00:4A:CC:BD","macvtap":"","network_id":"8d079ff9-0144-4baa-8a6c-bfaf77c92386","network_name":"default","passthrough":"","private":"","vepa":"","wait_for_lease":false}],"nvram":[],"qemu_agent":false,"running":true,"timeouts":null,"tpm":[],"type":"kvm","vcpu":4,"video":[],"xml":[]},"sensitive_attributes":[],"private":"eyJlMmJmYjczMC1lY2FhLTExZTYtOGY4OC0zNDM2M2JjN2M0YzAiOnsiY3JlYXRlIjozMDAwMDAwMDAwMDB9fQ==","dependencies":["libvirt_cloudinit_disk.cloudinit","libvirt_volume.base","libvirt_volume.vm_disk"]},{"index_key":"prod-server-2","schema_version":0,"attributes":{"arch":"x86_64","autostart":false,"boot_device":[],"cloudinit":"/var/lib/libvirt/images/prod-server-2-cloudinit.iso;e10cfbc5-93b2-4c1d-b44c-7ab0982c6bf3","cmdline":[],"console":[],"coreos_ignition":null,"cpu":[{"mode":"custom"}],"description":"","disk":[{"block_device":"","file":"","scsi":false,"url":"","volume_id":"/var/lib/libvirt/images/prod-server-2-disk","wwn":""}],"emulator":"/usr/bin/qemu-system-x86_64","filesystem":[],"firmware":null,"fw_cfg_name":"opt/com.coreos/config","graphics":[{"autoport":true,"listen_address":"127.0.0.1","listen_type":"address","type":"spice","websocket":0}],"id":"4820e7a0-671a-47ec-ba98-46b142f89cb9","initrd":"","kernel":"","machine":"pc","memory":4096,"metadata":null,"name":"prod-server-2","network_interface":[{"addresses":["192.168.122.50"],"bridge":"","hostname":"prod-server-2","mac":"52:54:00:76:F2:2B","macvtap":"","network_id":"8d079ff9-0144-4baa-8a6c-bfaf77c92386","network_name":"default","passthrough":"","private":"","vepa":"","wait_for_lease":false}],"nvram":[],"qemu_agent":false,"running":true,"timeouts":null,"tpm":[],"type":"kvm","vcpu":4,"video":[],"xml":[]},"sensitive_attributes":[],"private":"eyJlMmJmYjczMC1lY2FhLTExZTYtOGY4OC0zNDM2M2JjN2M0YzAiOnsiY3JlYXRlIjozMDAwMDAwMDAwMDB9fQ==","dependencies":["libvirt_cloudinit_disk.cloudinit","libvirt_volume.base","libvirt_volume.vm_disk"]},{"index_key":"prod-server-3","schema_version":0,"attributes":{"arch":"x86_64","autostart":false,"boot_device":[],"cloudinit":"/var/lib/libvirt/images/prod-server-3-cloudinit.iso;0b8a7efb-e83e-4cde-bd2c-5301ec2f07eb","cmdline":[],"console":[],"coreos_ignition":null,"cpu":[{"mode":"custom"}],"description":"","disk":[{"block_device":"","file":"","scsi":false,"url":"","volume_id":"/var/lib/libvirt/images/prod-server-3-disk","wwn":""}],"emulator":"/usr/bin/qemu-system-x86_64","filesystem":[],"firmware":null,"fw_cfg_name":"opt/com.coreos/config","graphics":[{"autoport":true,"listen_address":"127.0.0.1","listen_type":"address","type":"spice","websocket":0}],"id":"409ea0f7-7cc0-4515-aef5-b79269027318","initrd":"","kernel":"","machine":"pc","memory":4096,"metadata":null,"name":"prod-server-3","network_interface":[{"addresses":["192.168.122.253"],"bridge":"","hostname":"prod-server-3","mac":"52:54:00:16:9C:C1","macvtap":"","network_id":"8d079ff9-0144-4baa-8a6c-bfaf77c92386","network_name":"default","passthrough":"","private":"","vepa":"","wait_for_lease":false}],"nvram":[],"qemu_agent":false,"running":true,"timeouts":null,"tpm":[],"type":"kvm","vcpu":4,"video":[],"xml":[]},"sensitive_attributes":[],"private":"eyJlMmJmYjczMC1lY2FhLTExZTYtOGY4OC0zNDM2M2JjN2M0YzAiOnsiY3JlYXRlIjozMDAwMDAwMDAwMDB9fQ==","dependencies":["libvirt_cloudinit_disk.cloudinit","libvirt_volume.base","libvirt_volume.vm_disk"]}]},{"mode":"managed","type":"libvirt_volume","name":"base","provider":"provider[\"registry.opentofu.org/dmacvicar/libvirt\"]","instances":[{"schema_version":0,"attributes":{"base_volume_id":null,"base_volume_name":null,"base_volume_pool":null,"format":"qcow2","id":"/var/lib/libvirt/images/ubuntu-20.04-server-cloudimg-amd64","name":"ubuntu-20.04-server-cloudimg-amd64","pool":"default","size":2361393152,"source":"/home/cantona/devops/Devops_Projekt/ubuntu-20.04-server-cloudimg-amd64.img.1","xml":[]},"sensitive_attributes":[],"private":"bnVsbA=="}]},{"mode":"managed","type":"libvirt_volume","name":"vm_disk","provider":"provider[\"registry.opentofu.org/dmacvicar/libvirt\"]","instances":[{"index_key":"dev-server-1","schema_version":0,"attributes":{"base_volume_id":"/var/lib/libvirt/images/ubuntu-20.04-server-cloudimg-amd64","base_volume_name":null,"base_volume_pool":null,"format":"qcow2","id":"/var/lib/libvirt/images/dev-server-1-disk","name":"dev-server-1-disk","pool":"default","size":2361393152,"source":null,"xml":[]},"sensitive_attributes":[],"private":"bnVsbA==","dependencies":["libvirt_volume.base"]},{"index_key":"dev-server-2","schema_version":0,"attributes":{"base_volume_id":"/var/lib/libvirt/images/ubuntu-20.04-server-cloudimg-amd64","base_volume_name":null,"base_volume_pool":null,"format":"qcow2","id":"/var/lib/libvirt/images/dev-server-2-disk","name":"dev-server-2-disk","pool":"default","size":2361393152,"source":null,"xml":[]},"sensitive_attributes":[],"private":"bnVsbA==","dependencies":["libvirt_volume.base"]},{"index_key":"preprod-server-1","schema_version":0,"attributes":{"base_volume_id":"/var/lib/libvirt/images/ubuntu-20.04-server-cloudimg-amd64","base_volume_name":null,"base_volume_pool":null,"format":"qcow2","id":"/var/lib/libvirt/images/preprod-server-1-disk","name":"preprod-server-1-disk","pool":"default","size":2361393152,"source":null,"xml":[]},"sensitive_attributes":[],"private":"bnVsbA==","dependencies":["libvirt_volume.base"]},{"index_key":"preprod-server-2","schema_version":0,"attributes":{"base_volume_id":"/var/lib/libvirt/images/ubuntu-20.04-server-cloudimg-amd64","base_volume_name":null,"base_volume_pool":null,"format":"qcow2","id":"/var/lib/libvirt/images/preprod-server-2-disk","name":"preprod-server-2-disk","pool":"default","size":2361393152,"source":null,"xml":[]},"sensitive_attributes":[],"private":"bnVsbA==","dependencies":["libvirt_volume.base"]},{"index_key":"prod-server-1","schema_version":0,"attributes":{"base_volume_id":"/var/lib/libvirt/images/ubuntu-20.04-server-cloudimg-amd64","base_volume_name":null,"base_volume_pool":null,"format":"qcow2","id":"/var/lib/libvirt/images/prod-server-1-disk","name":"prod-server-1-disk","pool":"default","size":2361393152,"source":null,"xml":[]},"sensitive_attributes":[],"private":"bnVsbA==","dependencies":["libvirt_volume.base"]},{"index_key":"prod-server-2","schema_version":0,"attributes":{"base_volume_id":"/var/lib/libvirt/images/ubuntu-20.04-server-cloudimg-amd64","base_volume_name":null,"base_volume_pool":null,"format":"qcow2","id":"/var/lib/libvirt/images/prod-server-2-disk","name":"prod-server-2-disk","pool":"default","size":2361393152,"source":null,"xml":[]},"sensitive_attributes":[],"private":"bnVsbA==","dependencies":["libvirt_volume.base"]},{"index_key":"prod-server-3","schema_version":0,"attributes":{"base_volume_id":"/var/lib/libvirt/images/ubuntu-20.04-server-cloudimg-amd64","base_volume_name":null,"base_volume_pool":null,"format":"qcow2","id":"/var/lib/libvirt/images/prod-server-3-disk","name":"prod-server-3-disk","pool":"default","size":2361393152,"source":null,"xml":[]},"sensitive_attributes":[],"private":"bnVsbA==","dependencies":["libvirt_volume.base"]}]}],"check_results":null}
