{"version":4,"terraform_version":"1.10.3","serial":56,"lineage":"6ef1081c-725f-480b-8e52-9a178573d4c7","outputs":{"ansible_inventory_file":{"value":"./inventory.ini","type":"string"},"dev_ips":{"value":["192.168.122.188","192.168.122.15"],"type":["tuple",["string","string"]]},"grouped_ips":{"value":{"dev":["192.168.122.188","192.168.122.15"],"preprod":["192.168.122.246","192.168.122.29"],"prod":["192.168.122.82","192.168.122.158","192.168.122.134","192.168.122.45"]},"type":["object",{"dev":["tuple",["string","string"]],"preprod":["tuple",["string","string"]],"prod":["tuple",["string","string","string","string"]]}]}},"resources":[{"mode":"managed","type":"libvirt_cloudinit_disk","name":"cloudinit","provider":"provider[\"registry.opentofu.org/dmacvicar/libvirt\"]","instances":[{"index_key":"dev-server-1","schema_version":0,"attributes":{"id":"/var/lib/libvirt/images/dev-server-1-cloudinit.iso;ec429314-21ea-4e96-8bf0-07c1e385108a","meta_data":"","name":"dev-server-1-cloudinit.iso","network_config":"","pool":"default","user_data":"#cloud-config\nhostname: dev-server-1\nssh_pwauth: true\n\nusers:\n  - name: devops\n    passwd: $6$JQiHNGD0eGiZ1FZJ$PXryAEW8o2G0XOefsTjHzz1qVWyKnZYkRDFBRXScrQAaYq.W8d/bEOr/TqHPYtk9N/b8pvhuEPSI7jLbE1t/S0\n    lock_passwd: false\n    shell: /bin/bash\n    sudo: ['ALL=(ALL) NOPASSWD:ALL']\n    ssh-authorized-keys:\n      - ssh-ed25519 AAAAC3NzaC1lZDI1NTE5AAAAIAnEo8p91gvql3SuwFeeG3sqXmYbwgKyvIsWTh14ugv6 cantona@cantona22\n\ndatasource:\n  None:\n    instance-id: dev-server-1\n    local-hostname: dev-server-1\n"},"sensitive_attributes":[],"private":"bnVsbA=="},{"index_key":"dev-server-2","schema_version":0,"attributes":{"id":"/var/lib/libvirt/images/dev-server-2-cloudinit.iso;1e29229b-f020-45a9-82e1-3e0517f7ac7b","meta_data":"","name":"dev-server-2-cloudinit.iso","network_config":"","pool":"default","user_data":"#cloud-config\nhostname: dev-server-2\nssh_pwauth: true\n\nusers:\n  - name: devops\n    passwd: $6$JQiHNGD0eGiZ1FZJ$PXryAEW8o2G0XOefsTjHzz1qVWyKnZYkRDFBRXScrQAaYq.W8d/bEOr/TqHPYtk9N/b8pvhuEPSI7jLbE1t/S0\n    lock_passwd: false\n    shell: /bin/bash\n    sudo: ['ALL=(ALL) NOPASSWD:ALL']\n    ssh-authorized-keys:\n      - ssh-ed25519 AAAAC3NzaC1lZDI1NTE5AAAAIAnEo8p91gvql3SuwFeeG3sqXmYbwgKyvIsWTh14ugv6 cantona@cantona22\n\ndatasource:\n  None:\n    instance-id: dev-server-2\n    local-hostname: dev-server-2\n"},"sensitive_attributes":[],"private":"bnVsbA=="},{"index_key":"preprod-server-1","schema_version":0,"attributes":{"id":"/var/lib/libvirt/images/preprod-server-1-cloudinit.iso;2159a23b-fa49-46d2-b8d5-6f671c03ec09","meta_data":"","name":"preprod-server-1-cloudinit.iso","network_config":"","pool":"default","user_data":"#cloud-config\nhostname: preprod-server-1\nssh_pwauth: true\n\nusers:\n  - name: devops\n    passwd: $6$JQiHNGD0eGiZ1FZJ$PXryAEW8o2G0XOefsTjHzz1qVWyKnZYkRDFBRXScrQAaYq.W8d/bEOr/TqHPYtk9N/b8pvhuEPSI7jLbE1t/S0\n    lock_passwd: false\n    shell: /bin/bash\n    sudo: ['ALL=(ALL) NOPASSWD:ALL']\n    ssh-authorized-keys:\n      - ssh-ed25519 AAAAC3NzaC1lZDI1NTE5AAAAIAnEo8p91gvql3SuwFeeG3sqXmYbwgKyvIsWTh14ugv6 cantona@cantona22\n\ndatasource:\n  None:\n    instance-id: preprod-server-1\n    local-hostname: preprod-server-1\n"},"sensitive_attributes":[],"private":"bnVsbA=="},{"index_key":"preprod-server-2","schema_version":0,"attributes":{"id":"/var/lib/libvirt/images/preprod-server-2-cloudinit.iso;f3cb66cf-8308-4e3a-bbf0-79d03c3697fc","meta_data":"","name":"preprod-server-2-cloudinit.iso","network_config":"","pool":"default","user_data":"#cloud-config\nhostname: preprod-server-2\nssh_pwauth: true\n\nusers:\n  - name: devops\n    passwd: $6$JQiHNGD0eGiZ1FZJ$PXryAEW8o2G0XOefsTjHzz1qVWyKnZYkRDFBRXScrQAaYq.W8d/bEOr/TqHPYtk9N/b8pvhuEPSI7jLbE1t/S0\n    lock_passwd: false\n    shell: /bin/bash\n    sudo: ['ALL=(ALL) NOPASSWD:ALL']\n    ssh-authorized-keys:\n      - ssh-ed25519 AAAAC3NzaC1lZDI1NTE5AAAAIAnEo8p91gvql3SuwFeeG3sqXmYbwgKyvIsWTh14ugv6 cantona@cantona22\n\ndatasource:\n  None:\n    instance-id: preprod-server-2\n    local-hostname: preprod-server-2\n"},"sensitive_attributes":[],"private":"bnVsbA=="},{"index_key":"prod-server-1","schema_version":0,"attributes":{"id":"/var/lib/libvirt/images/prod-server-1-cloudinit.iso;ca627ff7-cd6b-4d3f-8381-811967309040","meta_data":"","name":"prod-server-1-cloudinit.iso","network_config":"","pool":"default","user_data":"#cloud-config\nhostname: prod-server-1\nssh_pwauth: true\n\nusers:\n  - name: devops\n    passwd: $6$JQiHNGD0eGiZ1FZJ$PXryAEW8o2G0XOefsTjHzz1qVWyKnZYkRDFBRXScrQAaYq.W8d/bEOr/TqHPYtk9N/b8pvhuEPSI7jLbE1t/S0\n    lock_passwd: false\n    shell: /bin/bash\n    sudo: ['ALL=(ALL) NOPASSWD:ALL']\n    ssh-authorized-keys:\n      - ssh-ed25519 AAAAC3NzaC1lZDI1NTE5AAAAIAnEo8p91gvql3SuwFeeG3sqXmYbwgKyvIsWTh14ugv6 cantona@cantona22\n\ndatasource:\n  None:\n    instance-id: prod-server-1\n    local-hostname: prod-server-1\n"},"sensitive_attributes":[],"private":"bnVsbA=="},{"index_key":"prod-server-2","schema_version":0,"attributes":{"id":"/var/lib/libvirt/images/prod-server-2-cloudinit.iso;aa7d73c9-0fa3-4d1d-b8f0-76907965997f","meta_data":"","name":"prod-server-2-cloudinit.iso","network_config":"","pool":"default","user_data":"#cloud-config\nhostname: prod-server-2\nssh_pwauth: true\n\nusers:\n  - name: devops\n    passwd: $6$JQiHNGD0eGiZ1FZJ$PXryAEW8o2G0XOefsTjHzz1qVWyKnZYkRDFBRXScrQAaYq.W8d/bEOr/TqHPYtk9N/b8pvhuEPSI7jLbE1t/S0\n    lock_passwd: false\n    shell: /bin/bash\n    sudo: ['ALL=(ALL) NOPASSWD:ALL']\n    ssh-authorized-keys:\n      - ssh-ed25519 AAAAC3NzaC1lZDI1NTE5AAAAIAnEo8p91gvql3SuwFeeG3sqXmYbwgKyvIsWTh14ugv6 cantona@cantona22\n\ndatasource:\n  None:\n    instance-id: prod-server-2\n    local-hostname: prod-server-2\n"},"sensitive_attributes":[],"private":"bnVsbA=="},{"index_key":"prod-server-3","schema_version":0,"attributes":{"id":"/var/lib/libvirt/images/prod-server-3-cloudinit.iso;6469cc09-5643-4fc0-abb7-6fe4de945945","meta_data":"","name":"prod-server-3-cloudinit.iso","network_config":"","pool":"default","user_data":"#cloud-config\nhostname: prod-server-3\nssh_pwauth: true\n\nusers:\n  - name: devops\n    passwd: $6$JQiHNGD0eGiZ1FZJ$PXryAEW8o2G0XOefsTjHzz1qVWyKnZYkRDFBRXScrQAaYq.W8d/bEOr/TqHPYtk9N/b8pvhuEPSI7jLbE1t/S0\n    lock_passwd: false\n    shell: /bin/bash\n    sudo: ['ALL=(ALL) NOPASSWD:ALL']\n    ssh-authorized-keys:\n      - ssh-ed25519 AAAAC3NzaC1lZDI1NTE5AAAAIAnEo8p91gvql3SuwFeeG3sqXmYbwgKyvIsWTh14ugv6 cantona@cantona22\n\ndatasource:\n  None:\n    instance-id: prod-server-3\n    local-hostname: prod-server-3\n"},"sensitive_attributes":[],"private":"bnVsbA=="},{"index_key":"prod-server-4","schema_version":0,"attributes":{"id":"/var/lib/libvirt/images/prod-server-4-cloudinit.iso;2353f982-70f8-4778-9da5-3d73df029528","meta_data":"","name":"prod-server-4-cloudinit.iso","network_config":"","pool":"default","user_data":"#cloud-config\nhostname: prod-server-4\nssh_pwauth: true\n\nusers:\n  - name: devops\n    passwd: $6$JQiHNGD0eGiZ1FZJ$PXryAEW8o2G0XOefsTjHzz1qVWyKnZYkRDFBRXScrQAaYq.W8d/bEOr/TqHPYtk9N/b8pvhuEPSI7jLbE1t/S0\n    lock_passwd: false\n    shell: /bin/bash\n    sudo: ['ALL=(ALL) NOPASSWD:ALL']\n    ssh-authorized-keys:\n      - ssh-ed25519 AAAAC3NzaC1lZDI1NTE5AAAAIAnEo8p91gvql3SuwFeeG3sqXmYbwgKyvIsWTh14ugv6 cantona@cantona22\n\ndatasource:\n  None:\n    instance-id: prod-server-4\n    local-hostname: prod-server-4\n"},"sensitive_attributes":[],"private":"bnVsbA=="}]},{"mode":"managed","type":"libvirt_domain","name":"vms","provider":"provider[\"registry.opentofu.org/dmacvicar/libvirt\"]","instances":[{"index_key":"dev-server-1","schema_version":0,"attributes":{"arch":"x86_64","autostart":false,"boot_device":[],"cloudinit":"/var/lib/libvirt/images/dev-server-1-cloudinit.iso;ec429314-21ea-4e96-8bf0-07c1e385108a","cmdline":[],"console":[{"source_host":"127.0.0.1","source_path":"","source_service":"0","target_port":"0","target_type":"serial","type":"pty"}],"coreos_ignition":null,"cpu":[{"mode":"custom"}],"description":"","disk":[{"block_device":"","file":"","scsi":false,"url":"","volume_id":"/var/lib/libvirt/images/dev-server-1-disk","wwn":""}],"emulator":"/usr/bin/qemu-system-x86_64","filesystem":[],"firmware":null,"fw_cfg_name":"opt/com.coreos/config","graphics":[{"autoport":true,"listen_address":"127.0.0.1","listen_type":"address","type":"spice","websocket":0}],"id":"b005e49a-9ff7-43a8-b2bf-5e4d36841e41","initrd":"","kernel":"","machine":"pc","memory":2048,"metadata":null,"name":"dev-server-1","network_interface":[{"addresses":["192.168.122.188"],"bridge":"","hostname":"dev-server-1","mac":"52:54:00:D6:7B:42","macvtap":"","network_id":"8d079ff9-0144-4baa-8a6c-bfaf77c92386","network_name":"default","passthrough":"","private":"","vepa":"","wait_for_lease":false}],"nvram":[],"qemu_agent":false,"running":true,"timeouts":null,"tpm":[],"type":"kvm","vcpu":2,"video":[],"xml":[]},"sensitive_attributes":[],"private":"eyJlMmJmYjczMC1lY2FhLTExZTYtOGY4OC0zNDM2M2JjN2M0YzAiOnsiY3JlYXRlIjozMDAwMDAwMDAwMDB9fQ==","dependencies":["libvirt_cloudinit_disk.cloudinit","libvirt_volume.vm_disk"]},{"index_key":"dev-server-2","schema_version":0,"attributes":{"arch":"x86_64","autostart":false,"boot_device":[],"cloudinit":"/var/lib/libvirt/images/dev-server-2-cloudinit.iso;1e29229b-f020-45a9-82e1-3e0517f7ac7b","cmdline":[],"console":[{"source_host":"127.0.0.1","source_path":"","source_service":"0","target_port":"0","target_type":"serial","type":"pty"}],"coreos_ignition":null,"cpu":[{"mode":"custom"}],"description":"","disk":[{"block_device":"","file":"","scsi":false,"url":"","volume_id":"/var/lib/libvirt/images/dev-server-2-disk","wwn":""}],"emulator":"/usr/bin/qemu-system-x86_64","filesystem":[],"firmware":null,"fw_cfg_name":"opt/com.coreos/config","graphics":[{"autoport":true,"listen_address":"127.0.0.1","listen_type":"address","type":"spice","websocket":0}],"id":"44662aea-f6a9-4d42-9cdc-ddb24956625f","initrd":"","kernel":"","machine":"pc","memory":2048,"metadata":null,"name":"dev-server-2","network_interface":[{"addresses":["192.168.122.15"],"bridge":"","hostname":"dev-server-2","mac":"52:54:00:B6:9F:C4","macvtap":"","network_id":"8d079ff9-0144-4baa-8a6c-bfaf77c92386","network_name":"default","passthrough":"","private":"","vepa":"","wait_for_lease":false}],"nvram":[],"qemu_agent":false,"running":true,"timeouts":null,"tpm":[],"type":"kvm","vcpu":2,"video":[],"xml":[]},"sensitive_attributes":[],"private":"eyJlMmJmYjczMC1lY2FhLTExZTYtOGY4OC0zNDM2M2JjN2M0YzAiOnsiY3JlYXRlIjozMDAwMDAwMDAwMDB9fQ==","dependencies":["libvirt_cloudinit_disk.cloudinit","libvirt_volume.vm_disk"]},{"index_key":"preprod-server-1","schema_version":0,"attributes":{"arch":"x86_64","autostart":false,"boot_device":[],"cloudinit":"/var/lib/libvirt/images/preprod-server-1-cloudinit.iso;2159a23b-fa49-46d2-b8d5-6f671c03ec09","cmdline":[],"console":[{"source_host":"127.0.0.1","source_path":"","source_service":"0","target_port":"0","target_type":"serial","type":"pty"}],"coreos_ignition":null,"cpu":[{"mode":"custom"}],"description":"","disk":[{"block_device":"","file":"","scsi":false,"url":"","volume_id":"/var/lib/libvirt/images/preprod-server-1-disk","wwn":""}],"emulator":"/usr/bin/qemu-system-x86_64","filesystem":[],"firmware":null,"fw_cfg_name":"opt/com.coreos/config","graphics":[{"autoport":true,"listen_address":"127.0.0.1","listen_type":"address","type":"spice","websocket":0}],"id":"ce861273-53f3-45fc-b5c4-7a6e3a0f0697","initrd":"","kernel":"","machine":"pc","memory":4096,"metadata":null,"name":"preprod-server-1","network_interface":[{"addresses":["192.168.122.246"],"bridge":"","hostname":"preprod-server-1","mac":"52:54:00:62:47:FF","macvtap":"","network_id":"8d079ff9-0144-4baa-8a6c-bfaf77c92386","network_name":"default","passthrough":"","private":"","vepa":"","wait_for_lease":false}],"nvram":[],"qemu_agent":false,"running":true,"timeouts":null,"tpm":[],"type":"kvm","vcpu":4,"video":[],"xml":[]},"sensitive_attributes":[],"private":"eyJlMmJmYjczMC1lY2FhLTExZTYtOGY4OC0zNDM2M2JjN2M0YzAiOnsiY3JlYXRlIjozMDAwMDAwMDAwMDB9fQ==","dependencies":["libvirt_cloudinit_disk.cloudinit","libvirt_volume.vm_disk"]},{"index_key":"preprod-server-2","schema_version":0,"attributes":{"arch":"x86_64","autostart":false,"boot_device":[],"cloudinit":"/var/lib/libvirt/images/preprod-server-2-cloudinit.iso;f3cb66cf-8308-4e3a-bbf0-79d03c3697fc","cmdline":[],"console":[{"source_host":"127.0.0.1","source_path":"","source_service":"0","target_port":"0","target_type":"serial","type":"pty"}],"coreos_ignition":null,"cpu":[{"mode":"custom"}],"description":"","disk":[{"block_device":"","file":"","scsi":false,"url":"","volume_id":"/var/lib/libvirt/images/preprod-server-2-disk","wwn":""}],"emulator":"/usr/bin/qemu-system-x86_64","filesystem":[],"firmware":null,"fw_cfg_name":"opt/com.coreos/config","graphics":[{"autoport":true,"listen_address":"127.0.0.1","listen_type":"address","type":"spice","websocket":0}],"id":"1dc57bdc-4c61-49e6-8cd8-f7bdd2761a43","initrd":"","kernel":"","machine":"pc","memory":4096,"metadata":null,"name":"preprod-server-2","network_interface":[{"addresses":["192.168.122.29"],"bridge":"","hostname":"preprod-server-2","mac":"52:54:00:A6:FA:A5","macvtap":"","network_id":"8d079ff9-0144-4baa-8a6c-bfaf77c92386","network_name":"default","passthrough":"","private":"","vepa":"","wait_for_lease":false}],"nvram":[],"qemu_agent":false,"running":true,"timeouts":null,"tpm":[],"type":"kvm","vcpu":4,"video":[],"xml":[]},"sensitive_attributes":[],"private":"eyJlMmJmYjczMC1lY2FhLTExZTYtOGY4OC0zNDM2M2JjN2M0YzAiOnsiY3JlYXRlIjozMDAwMDAwMDAwMDB9fQ==","dependencies":["libvirt_cloudinit_disk.cloudinit","libvirt_volume.vm_disk"]},{"index_key":"prod-server-1","schema_version":0,"attributes":{"arch":"x86_64","autostart":false,"boot_device":[],"cloudinit":"/var/lib/libvirt/images/prod-server-1-cloudinit.iso;ca627ff7-cd6b-4d3f-8381-811967309040","cmdline":[],"console":[{"source_host":"127.0.0.1","source_path":"","source_service":"0","target_port":"0","target_type":"serial","type":"pty"}],"coreos_ignition":null,"cpu":[{"mode":"custom"}],"description":"","disk":[{"block_device":"","file":"","scsi":false,"url":"","volume_id":"/var/lib/libvirt/images/prod-server-1-disk","wwn":""}],"emulator":"/usr/bin/qemu-system-x86_64","filesystem":[],"firmware":null,"fw_cfg_name":"opt/com.coreos/config","graphics":[{"autoport":true,"listen_address":"127.0.0.1","listen_type":"address","type":"spice","websocket":0}],"id":"9c1847b9-026a-4fdd-9bc0-9372a5aec7d9","initrd":"","kernel":"","machine":"pc","memory":4096,"metadata":null,"name":"prod-server-1","network_interface":[{"addresses":["192.168.122.82"],"bridge":"","hostname":"prod-server-1","mac":"52:54:00:16:0A:A1","macvtap":"","network_id":"8d079ff9-0144-4baa-8a6c-bfaf77c92386","network_name":"default","passthrough":"","private":"","vepa":"","wait_for_lease":false}],"nvram":[],"qemu_agent":false,"running":true,"timeouts":null,"tpm":[],"type":"kvm","vcpu":4,"video":[],"xml":[]},"sensitive_attributes":[],"private":"eyJlMmJmYjczMC1lY2FhLTExZTYtOGY4OC0zNDM2M2JjN2M0YzAiOnsiY3JlYXRlIjozMDAwMDAwMDAwMDB9fQ==","dependencies":["libvirt_cloudinit_disk.cloudinit","libvirt_volume.vm_disk"]},{"index_key":"prod-server-2","schema_version":0,"attributes":{"arch":"x86_64","autostart":false,"boot_device":[],"cloudinit":"/var/lib/libvirt/images/prod-server-2-cloudinit.iso;aa7d73c9-0fa3-4d1d-b8f0-76907965997f","cmdline":[],"console":[{"source_host":"127.0.0.1","source_path":"","source_service":"0","target_port":"0","target_type":"serial","type":"pty"}],"coreos_ignition":null,"cpu":[{"mode":"custom"}],"description":"","disk":[{"block_device":"","file":"","scsi":false,"url":"","volume_id":"/var/lib/libvirt/images/prod-server-2-disk","wwn":""}],"emulator":"/usr/bin/qemu-system-x86_64","filesystem":[],"firmware":null,"fw_cfg_name":"opt/com.coreos/config","graphics":[{"autoport":true,"listen_address":"127.0.0.1","listen_type":"address","type":"spice","websocket":0}],"id":"062d06c3-30c3-4ef9-b226-d6dfc66aaced","initrd":"","kernel":"","machine":"pc","memory":4096,"metadata":null,"name":"prod-server-2","network_interface":[{"addresses":["192.168.122.158"],"bridge":"","hostname":"prod-server-2","mac":"52:54:00:86:E7:FF","macvtap":"","network_id":"8d079ff9-0144-4baa-8a6c-bfaf77c92386","network_name":"default","passthrough":"","private":"","vepa":"","wait_for_lease":false}],"nvram":[],"qemu_agent":false,"running":true,"timeouts":null,"tpm":[],"type":"kvm","vcpu":4,"video":[],"xml":[]},"sensitive_attributes":[],"private":"eyJlMmJmYjczMC1lY2FhLTExZTYtOGY4OC0zNDM2M2JjN2M0YzAiOnsiY3JlYXRlIjozMDAwMDAwMDAwMDB9fQ==","dependencies":["libvirt_cloudinit_disk.cloudinit","libvirt_volume.vm_disk"]},{"index_key":"prod-server-3","schema_version":0,"attributes":{"arch":"x86_64","autostart":false,"boot_device":[],"cloudinit":"/var/lib/libvirt/images/prod-server-3-cloudinit.iso;6469cc09-5643-4fc0-abb7-6fe4de945945","cmdline":[],"console":[{"source_host":"127.0.0.1","source_path":"","source_service":"0","target_port":"0","target_type":"serial","type":"pty"}],"coreos_ignition":null,"cpu":[{"mode":"custom"}],"description":"","disk":[{"block_device":"","file":"","scsi":false,"url":"","volume_id":"/var/lib/libvirt/images/prod-server-3-disk","wwn":""}],"emulator":"/usr/bin/qemu-system-x86_64","filesystem":[],"firmware":null,"fw_cfg_name":"opt/com.coreos/config","graphics":[{"autoport":true,"listen_address":"127.0.0.1","listen_type":"address","type":"spice","websocket":0}],"id":"f599ce5e-cd8a-4a6d-a3ea-8de9494d646f","initrd":"","kernel":"","machine":"pc","memory":4096,"metadata":null,"name":"prod-server-3","network_interface":[{"addresses":["192.168.122.134"],"bridge":"","hostname":"prod-server-3","mac":"52:54:00:5A:56:A6","macvtap":"","network_id":"8d079ff9-0144-4baa-8a6c-bfaf77c92386","network_name":"default","passthrough":"","private":"","vepa":"","wait_for_lease":false}],"nvram":[],"qemu_agent":false,"running":true,"timeouts":null,"tpm":[],"type":"kvm","vcpu":4,"video":[],"xml":[]},"sensitive_attributes":[],"private":"eyJlMmJmYjczMC1lY2FhLTExZTYtOGY4OC0zNDM2M2JjN2M0YzAiOnsiY3JlYXRlIjozMDAwMDAwMDAwMDB9fQ==","dependencies":["libvirt_cloudinit_disk.cloudinit","libvirt_volume.vm_disk"]},{"index_key":"prod-server-4","schema_version":0,"attributes":{"arch":"x86_64","autostart":false,"boot_device":[],"cloudinit":"/var/lib/libvirt/images/prod-server-4-cloudinit.iso;2353f982-70f8-4778-9da5-3d73df029528","cmdline":[],"console":[{"source_host":"127.0.0.1","source_path":"","source_service":"0","target_port":"0","target_type":"serial","type":"pty"}],"coreos_ignition":null,"cpu":[{"mode":"custom"}],"description":"","disk":[{"block_device":"","file":"","scsi":false,"url":"","volume_id":"/var/lib/libvirt/images/prod-server-4-disk","wwn":""}],"emulator":"/usr/bin/qemu-system-x86_64","filesystem":[],"firmware":null,"fw_cfg_name":"opt/com.coreos/config","graphics":[{"autoport":true,"listen_address":"127.0.0.1","listen_type":"address","type":"spice","websocket":0}],"id":"be80e00b-5fcf-4c26-8cf0-d3e55e15a886","initrd":"","kernel":"","machine":"pc","memory":4096,"metadata":null,"name":"prod-server-4","network_interface":[{"addresses":["192.168.122.45"],"bridge":"","hostname":"prod-server-4","mac":"52:54:00:5E:32:DC","macvtap":"","network_id":"8d079ff9-0144-4baa-8a6c-bfaf77c92386","network_name":"default","passthrough":"","private":"","vepa":"","wait_for_lease":false}],"nvram":[],"qemu_agent":false,"running":true,"timeouts":null,"tpm":[],"type":"kvm","vcpu":4,"video":[],"xml":[]},"sensitive_attributes":[],"private":"eyJlMmJmYjczMC1lY2FhLTExZTYtOGY4OC0zNDM2M2JjN2M0YzAiOnsiY3JlYXRlIjozMDAwMDAwMDAwMDB9fQ==","dependencies":["libvirt_cloudinit_disk.cloudinit","libvirt_volume.vm_disk"]}]},{"mode":"managed","type":"libvirt_volume","name":"base","provider":"provider[\"registry.opentofu.org/dmacvicar/libvirt\"]","instances":[{"schema_version":0,"attributes":{"base_volume_id":null,"base_volume_name":null,"base_volume_pool":null,"format":"qcow2","id":"/var/lib/libvirt/images/ubuntu-20.04-server-cloudimg-amd64","name":"ubuntu-20.04-server-cloudimg-amd64","pool":"default","size":2361393152,"source":"/home/cantona/devops/Devops_Projekt/ubuntu-20.04-server-cloudimg-amd64.img.1","xml":[]},"sensitive_attributes":[],"private":"bnVsbA=="}]},{"mode":"managed","type":"libvirt_volume","name":"vm_disk","provider":"provider[\"registry.opentofu.org/dmacvicar/libvirt\"]","instances":[{"index_key":"dev-server-1","schema_version":0,"attributes":{"base_volume_id":null,"base_volume_name":null,"base_volume_pool":null,"format":"qcow2","id":"/var/lib/libvirt/images/dev-server-1-disk","name":"dev-server-1-disk","pool":"default","size":2361393152,"source":"/home/cantona/devops/Devops_Projekt/ubuntu-20.04-server-cloudimg-amd64.img.1","xml":[]},"sensitive_attributes":[],"private":"bnVsbA=="},{"index_key":"dev-server-2","schema_version":0,"attributes":{"base_volume_id":null,"base_volume_name":null,"base_volume_pool":null,"format":"qcow2","id":"/var/lib/libvirt/images/dev-server-2-disk","name":"dev-server-2-disk","pool":"default","size":2361393152,"source":"/home/cantona/devops/Devops_Projekt/ubuntu-20.04-server-cloudimg-amd64.img.1","xml":[]},"sensitive_attributes":[],"private":"bnVsbA=="},{"index_key":"preprod-server-1","schema_version":0,"attributes":{"base_volume_id":null,"base_volume_name":null,"base_volume_pool":null,"format":"qcow2","id":"/var/lib/libvirt/images/preprod-server-1-disk","name":"preprod-server-1-disk","pool":"default","size":2361393152,"source":"/home/cantona/devops/Devops_Projekt/ubuntu-20.04-server-cloudimg-amd64.img.1","xml":[]},"sensitive_attributes":[],"private":"bnVsbA=="},{"index_key":"preprod-server-2","schema_version":0,"attributes":{"base_volume_id":null,"base_volume_name":null,"base_volume_pool":null,"format":"qcow2","id":"/var/lib/libvirt/images/preprod-server-2-disk","name":"preprod-server-2-disk","pool":"default","size":2361393152,"source":"/home/cantona/devops/Devops_Projekt/ubuntu-20.04-server-cloudimg-amd64.img.1","xml":[]},"sensitive_attributes":[],"private":"bnVsbA=="},{"index_key":"prod-server-1","schema_version":0,"attributes":{"base_volume_id":null,"base_volume_name":null,"base_volume_pool":null,"format":"qcow2","id":"/var/lib/libvirt/images/prod-server-1-disk","name":"prod-server-1-disk","pool":"default","size":2361393152,"source":"/home/cantona/devops/Devops_Projekt/ubuntu-20.04-server-cloudimg-amd64.img.1","xml":[]},"sensitive_attributes":[],"private":"bnVsbA=="},{"index_key":"prod-server-2","schema_version":0,"attributes":{"base_volume_id":null,"base_volume_name":null,"base_volume_pool":null,"format":"qcow2","id":"/var/lib/libvirt/images/prod-server-2-disk","name":"prod-server-2-disk","pool":"default","size":2361393152,"source":"/home/cantona/devops/Devops_Projekt/ubuntu-20.04-server-cloudimg-amd64.img.1","xml":[]},"sensitive_attributes":[],"private":"bnVsbA=="},{"index_key":"prod-server-3","schema_version":0,"attributes":{"base_volume_id":null,"base_volume_name":null,"base_volume_pool":null,"format":"qcow2","id":"/var/lib/libvirt/images/prod-server-3-disk","name":"prod-server-3-disk","pool":"default","size":2361393152,"source":"/home/cantona/devops/Devops_Projekt/ubuntu-20.04-server-cloudimg-amd64.img.1","xml":[]},"sensitive_attributes":[],"private":"bnVsbA=="},{"index_key":"prod-server-4","schema_version":0,"attributes":{"base_volume_id":null,"base_volume_name":null,"base_volume_pool":null,"format":"qcow2","id":"/var/lib/libvirt/images/prod-server-4-disk","name":"prod-server-4-disk","pool":"default","size":2361393152,"source":"/home/cantona/devops/Devops_Projekt/ubuntu-20.04-server-cloudimg-amd64.img.1","xml":[]},"sensitive_attributes":[],"private":"bnVsbA=="}]},{"mode":"managed","type":"local_file","name":"ansible_inventory","provider":"provider[\"registry.opentofu.org/hashicorp/local\"]","instances":[{"schema_version":0,"attributes":{"content":"[dev]\n192.168.122.188\n192.168.122.15\n\n[preprod]\n192.168.122.246\n192.168.122.29\n\n[prod]\n192.168.122.82\n192.168.122.158\n192.168.122.134\n192.168.122.45\n","content_base64":null,"content_base64sha256":"sB5tqR0s40YDsJt81qtwj43bNy764va2098lVRpuaU8=","content_base64sha512":"SfZ/dRv+ThH+dVxhSB/M7xf0+Etl1yl94zKSkGo7hQk/vImr4cBVfrBPj6tfl1H8ozqqI8lMLIay2eQWylAMhA==","content_md5":"81ade2b95670c982647bdc25cd1f6511","content_sha1":"4ba816bd4e0272e159120e71c40168ec30c43fe3","content_sha256":"b01e6da91d2ce34603b09b7cd6ab708f8ddb372efae2f6b6d3df25551a6e694f","content_sha512":"49f67f751bfe4e11fe755c61481fccef17f4f84b65d7297de33292906a3b85093fbc89abe1c0557eb04f8fab5f9751fca33aaa23c94c2c86b2d9e416ca500c84","directory_permission":"0777","file_permission":"0777","filename":"./inventory.ini","id":"4ba816bd4e0272e159120e71c40168ec30c43fe3","sensitive_content":null,"source":null},"sensitive_attributes":[[{"type":"get_attr","value":"sensitive_content"}]],"dependencies":["libvirt_cloudinit_disk.cloudinit","libvirt_domain.vms","libvirt_volume.vm_disk"]}]}],"check_results":null}
